{
  "name": "ReSys",
  "lockfileVersion": 2,
  "requires": true,
  "packages": {
    "": {
      "dependencies": {
        "algoliasearch": "^4.9.2"
      }
    },
    "node_modules/@algolia/cache-browser-local-storage": {
      "version": "4.9.2",
      "resolved": "https://registry.npmjs.org/@algolia/cache-browser-local-storage/-/cache-browser-local-storage-4.9.2.tgz",
      "integrity": "sha512-R54LWoPgwvmBR7itDKdq/ZJKv5pbtu6cVHovPU9l1QrtvZM0XcSh2c2MY8beELo+uMuTDQ007sTM8dsQ4C7Www==",
      "dependencies": {
        "@algolia/cache-common": "4.9.2"
      }
    },
    "node_modules/@algolia/cache-common": {
      "version": "4.9.2",
      "resolved": "https://registry.npmjs.org/@algolia/cache-common/-/cache-common-4.9.2.tgz",
      "integrity": "sha512-50EffDYcFi08CpSvYAgRUplqj3/xaAqP4S5wuHG7Gr1ZLQpKBP7GxmPuFyjZgj7thOhsUS5DH8efVR/IpIrSBw=="
    },
    "node_modules/@algolia/cache-in-memory": {
      "version": "4.9.2",
      "resolved": "https://registry.npmjs.org/@algolia/cache-in-memory/-/cache-in-memory-4.9.2.tgz",
      "integrity": "sha512-RF4Z6XFOfS5G/PwtUddBoLEwTBy1HsimoXRpglnGftJH24alL9X2jCuCz9t12ND2o5eDDlbNVAqLfu8T0UQRQg==",
      "dependencies": {
        "@algolia/cache-common": "4.9.2"
      }
    },
    "node_modules/@algolia/client-account": {
      "version": "4.9.2",
      "resolved": "https://registry.npmjs.org/@algolia/client-account/-/client-account-4.9.2.tgz",
      "integrity": "sha512-E67xDSaHed38fIdVT/Jrnr/HzohVoRfNGhTAKJG4sTy6K5AkrqzM/7ZRJp56bU38ZG4frvdQfxC/oGCFkn6bEA==",
      "dependencies": {
        "@algolia/client-common": "4.9.2",
        "@algolia/client-search": "4.9.2",
        "@algolia/transporter": "4.9.2"
      }
    },
    "node_modules/@algolia/client-analytics": {
      "version": "4.9.2",
      "resolved": "https://registry.npmjs.org/@algolia/client-analytics/-/client-analytics-4.9.2.tgz",
      "integrity": "sha512-zexfopj1zDgNfXHgl3e4S4ERlulKUTdnFgDvGBhsqyW/bDyqZ410HZhOuzVZE5SxJdy0qa0hCadmwVNgu1ND6A==",
      "dependencies": {
        "@algolia/client-common": "4.9.2",
        "@algolia/client-search": "4.9.2",
        "@algolia/requester-common": "4.9.2",
        "@algolia/transporter": "4.9.2"
      }
    },
    "node_modules/@algolia/client-common": {
      "version": "4.9.2",
      "resolved": "https://registry.npmjs.org/@algolia/client-common/-/client-common-4.9.2.tgz",
      "integrity": "sha512-++2h3FiHiRApAkD+Dxk+iW6wpvHjGZ5gSkDCYz4xVPsQdiGhZgTN34i+gjq6DeR3okax5HJ7hlfJw10aCuiB8g==",
      "dependencies": {
        "@algolia/requester-common": "4.9.2",
        "@algolia/transporter": "4.9.2"
      }
    },
    "node_modules/@algolia/client-recommendation": {
      "version": "4.9.2",
      "resolved": "https://registry.npmjs.org/@algolia/client-recommendation/-/client-recommendation-4.9.2.tgz",
      "integrity": "sha512-BbcC+7XiPoAwPferoPgskMUIvioTd7+XoNT4n3sQsoe8YqNJ3u/ngrAxKmpcrEf13BpFT7XBhPm2FQAhlZpvug==",
      "dependencies": {
        "@algolia/client-common": "4.9.2",
        "@algolia/requester-common": "4.9.2",
        "@algolia/transporter": "4.9.2"
      }
    },
    "node_modules/@algolia/client-search": {
      "version": "4.9.2",
      "resolved": "https://registry.npmjs.org/@algolia/client-search/-/client-search-4.9.2.tgz",
      "integrity": "sha512-z+wBEcMCFBzn+7s0lhk4miFR0fm5X4QXlutPVhSXACHD+uznRoRbmu31k7ZB6CgqqjT8E8Lsjif6rWX+wwtgyA==",
      "dependencies": {
        "@algolia/client-common": "4.9.2",
        "@algolia/requester-common": "4.9.2",
        "@algolia/transporter": "4.9.2"
      }
    },
    "node_modules/@algolia/logger-common": {
      "version": "4.9.2",
      "resolved": "https://registry.npmjs.org/@algolia/logger-common/-/logger-common-4.9.2.tgz",
      "integrity": "sha512-D9wxMCLRLZtz0BZ8yecDDGSDkiq6M2KImdckZ2TPcSqQPGsypInSvFSKVa4os//IkmE9NFVC2o1kFYedZmzhZg=="
    },
    "node_modules/@algolia/logger-console": {
      "version": "4.9.2",
      "resolved": "https://registry.npmjs.org/@algolia/logger-console/-/logger-console-4.9.2.tgz",
      "integrity": "sha512-HM5PQ1cvUbMFuAo493f1CpYNFteVHrUtM/sGOcS8zndML2ix72Qvyih7hEGGawHy2E2hYSNYcSHfL/gahTKiCg==",
      "dependencies": {
        "@algolia/logger-common": "4.9.2"
      }
    },
    "node_modules/@algolia/requester-browser-xhr": {
      "version": "4.9.2",
      "resolved": "https://registry.npmjs.org/@algolia/requester-browser-xhr/-/requester-browser-xhr-4.9.2.tgz",
      "integrity": "sha512-gOeI5ZmPt/rayRYf1Sgn3/Yp3MKuVEypibp1CyBpie/q0CHA08O4RoiY93qnG83dfy9tkfmYqKCdXlBednGVbg==",
      "dependencies": {
        "@algolia/requester-common": "4.9.2"
      }
    },
    "node_modules/@algolia/requester-common": {
      "version": "4.9.2",
      "resolved": "https://registry.npmjs.org/@algolia/requester-common/-/requester-common-4.9.2.tgz",
      "integrity": "sha512-B1cb69f5zbDgUQifx/ZDqFK9dpOSsg24Mq/5YlqkP3EyAVPVBooeDLUDSrgBLq2j1clUQ9H3yPwX8uRTzR/eYw=="
    },
    "node_modules/@algolia/requester-node-http": {
      "version": "4.9.2",
      "resolved": "https://registry.npmjs.org/@algolia/requester-node-http/-/requester-node-http-4.9.2.tgz",
      "integrity": "sha512-YBm4R4gUmlXFnPAxQAZEWOSq6xkWKN7mAJWvM8V+2W9a4qlJnxXj+fi7EJytAR8qc3vDXRWcmzYnsS246WhJ8g==",
      "dependencies": {
        "@algolia/requester-common": "4.9.2"
      }
    },
    "node_modules/@algolia/transporter": {
      "version": "4.9.2",
      "resolved": "https://registry.npmjs.org/@algolia/transporter/-/transporter-4.9.2.tgz",
      "integrity": "sha512-YvQKRU76HR850X1DK1OgcrjvvCyp/8FaYc74LHOAAuc9awcNuJY4NZjxHMU/Mm8TT4UKKX9cjGTrP/WJpu5VxA==",
      "dependencies": {
        "@algolia/cache-common": "4.9.2",
        "@algolia/logger-common": "4.9.2",
        "@algolia/requester-common": "4.9.2"
      }
    },
    "node_modules/algoliasearch": {
      "version": "4.9.2",
      "resolved": "https://registry.npmjs.org/algoliasearch/-/algoliasearch-4.9.2.tgz",
      "integrity": "sha512-Njdx8Bg8q73qnzKj00BxVbFFVvI+WSxirWKmSz2nmJ0xiMTizLxpSxQO2ODtCHWSDsFMqb04sB2tzoSrJPlpUg==",
      "dependencies": {
        "@algolia/cache-browser-local-storage": "4.9.2",
        "@algolia/cache-common": "4.9.2",
        "@algolia/cache-in-memory": "4.9.2",
        "@algolia/client-account": "4.9.2",
        "@algolia/client-analytics": "4.9.2",
        "@algolia/client-common": "4.9.2",
        "@algolia/client-recommendation": "4.9.2",
        "@algolia/client-search": "4.9.2",
        "@algolia/logger-common": "4.9.2",
        "@algolia/logger-console": "4.9.2",
        "@algolia/requester-browser-xhr": "4.9.2",
        "@algolia/requester-common": "4.9.2",
        "@algolia/requester-node-http": "4.9.2",
        "@algolia/transporter": "4.9.2"
      }
    }
  },
  "dependencies": {
    "@algolia/cache-browser-local-storage": {
      "version": "4.9.2",
      "resolved": "https://registry.npmjs.org/@algolia/cache-browser-local-storage/-/cache-browser-local-storage-4.9.2.tgz",
      "integrity": "sha512-R54LWoPgwvmBR7itDKdq/ZJKv5pbtu6cVHovPU9l1QrtvZM0XcSh2c2MY8beELo+uMuTDQ007sTM8dsQ4C7Www==",
      "requires": {
        "@algolia/cache-common": "4.9.2"
      }
    },
    "@algolia/cache-common": {
      "version": "4.9.2",
      "resolved": "https://registry.npmjs.org/@algolia/cache-common/-/cache-common-4.9.2.tgz",
      "integrity": "sha512-50EffDYcFi08CpSvYAgRUplqj3/xaAqP4S5wuHG7Gr1ZLQpKBP7GxmPuFyjZgj7thOhsUS5DH8efVR/IpIrSBw=="
    },
    "@algolia/cache-in-memory": {
      "version": "4.9.2",
      "resolved": "https://registry.npmjs.org/@algolia/cache-in-memory/-/cache-in-memory-4.9.2.tgz",
      "integrity": "sha512-RF4Z6XFOfS5G/PwtUddBoLEwTBy1HsimoXRpglnGftJH24alL9X2jCuCz9t12ND2o5eDDlbNVAqLfu8T0UQRQg==",
      "requires": {
        "@algolia/cache-common": "4.9.2"
      }
    },
    "@algolia/client-account": {
      "version": "4.9.2",
      "resolved": "https://registry.npmjs.org/@algolia/client-account/-/client-account-4.9.2.tgz",
      "integrity": "sha512-E67xDSaHed38fIdVT/Jrnr/HzohVoRfNGhTAKJG4sTy6K5AkrqzM/7ZRJp56bU38ZG4frvdQfxC/oGCFkn6bEA==",
      "requires": {
        "@algolia/client-common": "4.9.2",
        "@algolia/client-search": "4.9.2",
        "@algolia/transporter": "4.9.2"
      }
    },
    "@algolia/client-analytics": {
      "version": "4.9.2",
      "resolved": "https://registry.npmjs.org/@algolia/client-analytics/-/client-analytics-4.9.2.tgz",
      "integrity": "sha512-zexfopj1zDgNfXHgl3e4S4ERlulKUTdnFgDvGBhsqyW/bDyqZ410HZhOuzVZE5SxJdy0qa0hCadmwVNgu1ND6A==",
      "requires": {
        "@algolia/client-common": "4.9.2",
        "@algolia/client-search": "4.9.2",
        "@algolia/requester-common": "4.9.2",
        "@algolia/transporter": "4.9.2"
      }
    },
    "@algolia/client-common": {
      "version": "4.9.2",
      "resolved": "https://registry.npmjs.org/@algolia/client-common/-/client-common-4.9.2.tgz",
      "integrity": "sha512-++2h3FiHiRApAkD+Dxk+iW6wpvHjGZ5gSkDCYz4xVPsQdiGhZgTN34i+gjq6DeR3okax5HJ7hlfJw10aCuiB8g==",
      "requires": {
        "@algolia/requester-common": "4.9.2",
        "@algolia/transporter": "4.9.2"
      }
    },
    "@algolia/client-recommendation": {
      "version": "4.9.2",
      "resolved": "https://registry.npmjs.org/@algolia/client-recommendation/-/client-recommendation-4.9.2.tgz",
      "integrity": "sha512-BbcC+7XiPoAwPferoPgskMUIvioTd7+XoNT4n3sQsoe8YqNJ3u/ngrAxKmpcrEf13BpFT7XBhPm2FQAhlZpvug==",
      "requires": {
        "@algolia/client-common": "4.9.2",
        "@algolia/requester-common": "4.9.2",
        "@algolia/transporter": "4.9.2"
      }
    },
    "@algolia/client-search": {
      "version": "4.9.2",
      "resolved": "https://registry.npmjs.org/@algolia/client-search/-/client-search-4.9.2.tgz",
      "integrity": "sha512-z+wBEcMCFBzn+7s0lhk4miFR0fm5X4QXlutPVhSXACHD+uznRoRbmu31k7ZB6CgqqjT8E8Lsjif6rWX+wwtgyA==",
      "requires": {
        "@algolia/client-common": "4.9.2",
        "@algolia/requester-common": "4.9.2",
        "@algolia/transporter": "4.9.2"
      }
    },
    "@algolia/logger-common": {
      "version": "4.9.2",
      "resolved": "https://registry.npmjs.org/@algolia/logger-common/-/logger-common-4.9.2.tgz",
      "integrity": "sha512-D9wxMCLRLZtz0BZ8yecDDGSDkiq6M2KImdckZ2TPcSqQPGsypInSvFSKVa4os//IkmE9NFVC2o1kFYedZmzhZg=="
    },
    "@algolia/logger-console": {
      "version": "4.9.2",
      "resolved": "https://registry.npmjs.org/@algolia/logger-console/-/logger-console-4.9.2.tgz",
      "integrity": "sha512-HM5PQ1cvUbMFuAo493f1CpYNFteVHrUtM/sGOcS8zndML2ix72Qvyih7hEGGawHy2E2hYSNYcSHfL/gahTKiCg==",
      "requires": {
        "@algolia/logger-common": "4.9.2"
      }
    },
    "@algolia/requester-browser-xhr": {
      "version": "4.9.2",
      "resolved": "https://registry.npmjs.org/@algolia/requester-browser-xhr/-/requester-browser-xhr-4.9.2.tgz",
      "integrity": "sha512-gOeI5ZmPt/rayRYf1Sgn3/Yp3MKuVEypibp1CyBpie/q0CHA08O4RoiY93qnG83dfy9tkfmYqKCdXlBednGVbg==",
      "requires": {
        "@algolia/requester-common": "4.9.2"
      }
    },
    "@algolia/requester-common": {
      "version": "4.9.2",
      "resolved": "https://registry.npmjs.org/@algolia/requester-common/-/requester-common-4.9.2.tgz",
      "integrity": "sha512-B1cb69f5zbDgUQifx/ZDqFK9dpOSsg24Mq/5YlqkP3EyAVPVBooeDLUDSrgBLq2j1clUQ9H3yPwX8uRTzR/eYw=="
    },
    "@algolia/requester-node-http": {
      "version": "4.9.2",
      "resolved": "https://registry.npmjs.org/@algolia/requester-node-http/-/requester-node-http-4.9.2.tgz",
      "integrity": "sha512-YBm4R4gUmlXFnPAxQAZEWOSq6xkWKN7mAJWvM8V+2W9a4qlJnxXj+fi7EJytAR8qc3vDXRWcmzYnsS246WhJ8g==",
      "requires": {
        "@algolia/requester-common": "4.9.2"
      }
    },
    "@algolia/transporter": {
      "version": "4.9.2",
      "resolved": "https://registry.npmjs.org/@algolia/transporter/-/transporter-4.9.2.tgz",
      "integrity": "sha512-YvQKRU76HR850X1DK1OgcrjvvCyp/8FaYc74LHOAAuc9awcNuJY4NZjxHMU/Mm8TT4UKKX9cjGTrP/WJpu5VxA==",
      "requires": {
        "@algolia/cache-common": "4.9.2",
        "@algolia/logger-common": "4.9.2",
        "@algolia/requester-common": "4.9.2"
      }
    },
    "algoliasearch": {
      "version": "4.9.2",
      "resolved": "https://registry.npmjs.org/algoliasearch/-/algoliasearch-4.9.2.tgz",
      "integrity": "sha512-Njdx8Bg8q73qnzKj00BxVbFFVvI+WSxirWKmSz2nmJ0xiMTizLxpSxQO2ODtCHWSDsFMqb04sB2tzoSrJPlpUg==",
      "requires": {
        "@algolia/cache-browser-local-storage": "4.9.2",
        "@algolia/cache-common": "4.9.2",
        "@algolia/cache-in-memory": "4.9.2",
        "@algolia/client-account": "4.9.2",
        "@algolia/client-analytics": "4.9.2",
        "@algolia/client-common": "4.9.2",
        "@algolia/client-recommendation": "4.9.2",
        "@algolia/client-search": "4.9.2",
        "@algolia/logger-common": "4.9.2",
        "@algolia/logger-console": "4.9.2",
        "@algolia/requester-browser-xhr": "4.9.2",
        "@algolia/requester-common": "4.9.2",
        "@algolia/requester-node-http": "4.9.2",
        "@algolia/transporter": "4.9.2"
      }
    }
  }
}
